
Microsoft Visual Studio Solution File, Format Version 12.00
# Visual Studio 14
VisualStudioVersion = 14.0.23107.0
MinimumVisualStudioVersion = 10.0.40219.1
Project("{FAE04EC0-301F-11D3-BF4B-00C04F79EFBC}") = "Procajas", "Procajas\Procajas.csproj", "{3A14FF86-772B-40E2-A4CF-38F0AC7519C5}"
EndProject
Project("{FAE04EC0-301F-11D3-BF4B-00C04F79EFBC}") = "Procajas.Service", "Procajas.Service\Procajas.Service.csproj", "{296B37F4-36FC-46AD-AC1E-9582BA12D6A2}"
EndProject
Project("{FAE04EC0-301F-11D3-BF4B-00C04F79EFBC}") = "Procajas.Contracts", "Procajas.Contracts\Procajas.Contracts.csproj", "{0EBE8CC7-DEA0-402F-8B56-C35A74D47DAA}"
EndProject
Global
	GlobalSection(SolutionConfigurationPlatforms) = preSolution
		Debug|Any CPU = Debug|Any CPU
		Release|Any CPU = Release|Any CPU
	EndGlobalSection
	GlobalSection(ProjectConfigurationPlatforms) = postSolution
		{3A14FF86-772B-40E2-A4CF-38F0AC7519C5}.Debug|Any CPU.ActiveCfg = Debug|Any CPU
		{3A14FF86-772B-40E2-A4CF-38F0AC7519C5}.Debug|Any CPU.Build.0 = Debug|Any CPU
		{3A14FF86-772B-40E2-A4CF-38F0AC7519C5}.Release|Any CPU.ActiveCfg = Release|Any CPU
		{3A14FF86-772B-40E2-A4CF-38F0AC7519C5}.Release|Any CPU.Build.0 = Release|Any CPU
		{296B37F4-36FC-46AD-AC1E-9582BA12D6A2}.Debug|Any CPU.ActiveCfg = Debug|Any CPU
		{296B37F4-36FC-46AD-AC1E-9582BA12D6A2}.Debug|Any CPU.Build.0 = Debug|Any CPU
		{296B37F4-36FC-46AD-AC1E-9582BA12D6A2}.Release|Any CPU.ActiveCfg = Release|Any CPU
		{296B37F4-36FC-46AD-AC1E-9582BA12D6A2}.Release|Any CPU.Build.0 = Release|Any CPU
		{0EBE8CC7-DEA0-402F-8B56-C35A74D47DAA}.Debug|Any CPU.ActiveCfg = Debug|Any CPU
		{0EBE8CC7-DEA0-402F-8B56-C35A74D47DAA}.Debug|Any CPU.Build.0 = Debug|Any CPU
		{0EBE8CC7-DEA0-402F-8B56-C35A74D47DAA}.Release|Any CPU.ActiveCfg = Release|Any CPU
		{0EBE8CC7-DEA0-402F-8B56-C35A74D47DAA}.Release|Any CPU.Build.0 = Release|Any CPU
	EndGlobalSection
	GlobalSection(SolutionProperties) = preSolution
		HideSolutionNode = FALSE
	EndGlobalSection
EndGlobal
